// !$*UTF8*$!
{
	archiveVersion = 1;
	classes = {
	};
	objectVersion = 46;
	objects = {

/* Begin PBXBuildFile section */
		FB2C39E11E7618D800A1D5AD /* AppDelegate.swift in Sources */ = {isa = PBXBuildFile; fileRef = FB2C39E01E7618D800A1D5AD /* AppDelegate.swift */; };
		FB2C39E31E7618D800A1D5AD /* ViewController.swift in Sources */ = {isa = PBXBuildFile; fileRef = FB2C39E21E7618D800A1D5AD /* ViewController.swift */; };
		FB2C39E51E7618D800A1D5AD /* Assets.xcassets in Resources */ = {isa = PBXBuildFile; fileRef = FB2C39E41E7618D800A1D5AD /* Assets.xcassets */; };
		FB2C39E81E7618D800A1D5AD /* Main.storyboard in Resources */ = {isa = PBXBuildFile; fileRef = FB2C39E61E7618D800A1D5AD /* Main.storyboard */; };
		FB4004D61E762A610040D091 /* iTunesApi.swift in Sources */ = {isa = PBXBuildFile; fileRef = FB4004D51E762A610040D091 /* iTunesApi.swift */; };
		FB4004D71E762DB60040D091 /* ID3Edit.framework in Frameworks */ = {isa = PBXBuildFile; fileRef = FB4004D11E7624CE0040D091 /* ID3Edit.framework */; };
		FB4004D81E762DB60040D091 /* ID3Edit.framework in Embed Frameworks */ = {isa = PBXBuildFile; fileRef = FB4004D11E7624CE0040D091 /* ID3Edit.framework */; settings = {ATTRIBUTES = (CodeSignOnCopy, RemoveHeadersOnCopy, ); }; };
		FBB973051E80BB6800FBCC18 /* DraggingDestinationView.swift in Sources */ = {isa = PBXBuildFile; fileRef = FBB973021E80B75000FBCC18 /* DraggingDestinationView.swift */; };
/* End PBXBuildFile section */

/* Begin PBXContainerItemProxy section */
		FBB973001E76333F00FBCC18 /* PBXContainerItemProxy */ = {
			isa = PBXContainerItemProxy;
			containerPortal = FBB972FB1E76333F00FBCC18 /* ID3Edit.xcodeproj */;
			proxyType = 2;
			remoteGlobalIDString = 4A1804001C3DED53000E1FF2;
			remoteInfo = ID3Edit;
		};
/* End PBXContainerItemProxy section */

/* Begin PBXCopyFilesBuildPhase section */
		FB9ED9981E76226A006AE05F /* Embed Frameworks */ = {
			isa = PBXCopyFilesBuildPhase;
			buildActionMask = 2147483647;
			dstPath = "";
			dstSubfolderSpec = 10;
			files = (
				FB4004D81E762DB60040D091 /* ID3Edit.framework in Embed Frameworks */,
			);
			name = "Embed Frameworks";
			runOnlyForDeploymentPostprocessing = 0;
		};
/* End PBXCopyFilesBuildPhase section */

/* Begin PBXFileReference section */
		FB2C39DD1E7618D800A1D5AD /* iTunes Matcher.app */ = {isa = PBXFileReference; explicitFileType = wrapper.application; includeInIndex = 0; path = "iTunes Matcher.app"; sourceTree = BUILT_PRODUCTS_DIR; };
		FB2C39E01E7618D800A1D5AD /* AppDelegate.swift */ = {isa = PBXFileReference; lastKnownFileType = sourcecode.swift; path = AppDelegate.swift; sourceTree = "<group>"; };
		FB2C39E21E7618D800A1D5AD /* ViewController.swift */ = {isa = PBXFileReference; lastKnownFileType = sourcecode.swift; path = ViewController.swift; sourceTree = "<group>"; };
		FB2C39E41E7618D800A1D5AD /* Assets.xcassets */ = {isa = PBXFileReference; lastKnownFileType = folder.assetcatalog; path = Assets.xcassets; sourceTree = "<group>"; };
		FB2C39E71E7618D800A1D5AD /* Base */ = {isa = PBXFileReference; lastKnownFileType = file.storyboard; name = Base; path = Base.lproj/Main.storyboard; sourceTree = "<group>"; };
		FB2C39E91E7618D800A1D5AD /* Info.plist */ = {isa = PBXFileReference; lastKnownFileType = text.plist.xml; path = Info.plist; sourceTree = "<group>"; };
		FB4004D11E7624CE0040D091 /* ID3Edit.framework */ = {isa = PBXFileReference; lastKnownFileType = wrapper.framework; name = ID3Edit.framework; path = ID3Edit/ID3Edit.framework; sourceTree = "<group>"; };
		FB4004D51E762A610040D091 /* iTunesApi.swift */ = {isa = PBXFileReference; fileEncoding = 4; lastKnownFileType = sourcecode.swift; path = iTunesApi.swift; sourceTree = "<group>"; };
		FBB972FB1E76333F00FBCC18 /* ID3Edit.xcodeproj */ = {isa = PBXFileReference; lastKnownFileType = "wrapper.pb-project"; name = ID3Edit.xcodeproj; path = ID3Edit/ID3Edit.xcodeproj; sourceTree = "<group>"; };
		FBB973021E80B75000FBCC18 /* DraggingDestinationView.swift */ = {isa = PBXFileReference; fileEncoding = 4; lastKnownFileType = sourcecode.swift; path = DraggingDestinationView.swift; sourceTree = "<group>"; };
/* End PBXFileReference section */

/* Begin PBXFrameworksBuildPhase section */
		FB2C39DA1E7618D700A1D5AD /* Frameworks */ = {
			isa = PBXFrameworksBuildPhase;
			buildActionMask = 2147483647;
			files = (
				FB4004D71E762DB60040D091 /* ID3Edit.framework in Frameworks */,
			);
			runOnlyForDeploymentPostprocessing = 0;
		};
/* End PBXFrameworksBuildPhase section */

/* Begin PBXGroup section */
		FB2C39D41E7618D700A1D5AD = {
			isa = PBXGroup;
			children = (
				FB2C39DF1E7618D800A1D5AD /* iTunes Matcher */,
				FB2C39DE1E7618D800A1D5AD /* Products */,
				FBB972FB1E76333F00FBCC18 /* ID3Edit.xcodeproj */,
				FB4004D11E7624CE0040D091 /* ID3Edit.framework */,
			);
			sourceTree = "<group>";
		};
		FB2C39DE1E7618D800A1D5AD /* Products */ = {
			isa = PBXGroup;
			children = (
				FB2C39DD1E7618D800A1D5AD /* iTunes Matcher.app */,
			);
			name = Products;
			sourceTree = "<group>";
		};
		FB2C39DF1E7618D800A1D5AD /* iTunes Matcher */ = {
			isa = PBXGroup;
			children = (
				FBB973041E80B78400FBCC18 /* Views */,
				FB2C39E01E7618D800A1D5AD /* AppDelegate.swift */,
				FB4004D51E762A610040D091 /* iTunesApi.swift */,
				FB2C39E21E7618D800A1D5AD /* ViewController.swift */,
				FB2C39E41E7618D800A1D5AD /* Assets.xcassets */,
				FB2C39E61E7618D800A1D5AD /* Main.storyboard */,
				FB2C39E91E7618D800A1D5AD /* Info.plist */,
			);
			path = "iTunes Matcher";
			sourceTree = "<group>";
		};
		FBB972FC1E76333F00FBCC18 /* Products */ = {
			isa = PBXGroup;
			children = (
				FBB973011E76333F00FBCC18 /* ID3Edit.framework */,
			);
			name = Products;
			sourceTree = "<group>";
		};
		FBB973041E80B78400FBCC18 /* Views */ = {
			isa = PBXGroup;
			children = (
				FBB973021E80B75000FBCC18 /* DraggingDestinationView.swift */,
			);
			name = Views;
			sourceTree = "<group>";
		};
/* End PBXGroup section */

/* Begin PBXNativeTarget section */
		FB2C39DC1E7618D700A1D5AD /* iTunes Matcher */ = {
			isa = PBXNativeTarget;
			buildConfigurationList = FB2C39EC1E7618D800A1D5AD /* Build configuration list for PBXNativeTarget "iTunes Matcher" */;
			buildPhases = (
				FB2C39D91E7618D700A1D5AD /* Sources */,
				FB2C39DA1E7618D700A1D5AD /* Frameworks */,
				FB2C39DB1E7618D700A1D5AD /* Resources */,
				FB9ED9981E76226A006AE05F /* Embed Frameworks */,
			);
			buildRules = (
			);
			dependencies = (
			);
			name = "iTunes Matcher";
			productName = "iTunes Matcher";
			productReference = FB2C39DD1E7618D800A1D5AD /* iTunes Matcher.app */;
			productType = "com.apple.product-type.application";
		};
/* End PBXNativeTarget section */

/* Begin PBXProject section */
		FB2C39D51E7618D700A1D5AD /* Project object */ = {
			isa = PBXProject;
			attributes = {
				LastSwiftUpdateCheck = 0820;
				LastUpgradeCheck = 0820;
				ORGANIZATIONNAME = "Ian Taylor";
				TargetAttributes = {
					FB2C39DC1E7618D700A1D5AD = {
						CreatedOnToolsVersion = 8.2.1;
						DevelopmentTeam = C83BNSBYZV;
						ProvisioningStyle = Automatic;
					};
				};
			};
			buildConfigurationList = FB2C39D81E7618D700A1D5AD /* Build configuration list for PBXProject "iTunes Matcher" */;
			compatibilityVersion = "Xcode 3.2";
			developmentRegion = English;
			hasScannedForEncodings = 0;
			knownRegions = (
				en,
				Base,
			);
			mainGroup = FB2C39D41E7618D700A1D5AD;
			productRefGroup = FB2C39DE1E7618D800A1D5AD /* Products */;
			projectDirPath = "";
			projectReferences = (
				{
					ProductGroup = FBB972FC1E76333F00FBCC18 /* Products */;
					ProjectRef = FBB972FB1E76333F00FBCC18 /* ID3Edit.xcodeproj */;
				},
			);
			projectRoot = "";
			targets = (
				FB2C39DC1E7618D700A1D5AD /* iTunes Matcher */,
			);
		};
/* End PBXProject section */

/* Begin PBXReferenceProxy section */
		FBB973011E76333F00FBCC18 /* ID3Edit.framework */ = {
			isa = PBXReferenceProxy;
			fileType = wrapper.framework;
			path = ID3Edit.framework;
			remoteRef = FBB973001E76333F00FBCC18 /* PBXContainerItemProxy */;
			sourceTree = BUILT_PRODUCTS_DIR;
		};
/* End PBXReferenceProxy section */

/* Begin PBXResourcesBuildPhase section */
		FB2C39DB1E7618D700A1D5AD /* Resources */ = {
			isa = PBXResourcesBuildPhase;
			buildActionMask = 2147483647;
			files = (
				FB2C39E51E7618D800A1D5AD /* Assets.xcassets in Resources */,
				FB2C39E81E7618D800A1D5AD /* Main.storyboard in Resources */,
			);
			runOnlyForDeploymentPostprocessing = 0;
		};
/* End PBXResourcesBuildPhase section */

/* Begin PBXSourcesBuildPhase section */
		FB2C39D91E7618D700A1D5AD /* Sources */ = {
			isa = PBXSourcesBuildPhase;
			buildActionMask = 2147483647;
			files = (
				FBB973051E80BB6800FBCC18 /* DraggingDestinationView.swift in Sources */,
				FB4004D61E762A610040D091 /* iTunesApi.swift in Sources */,
				FB2C39E31E7618D800A1D5AD /* ViewController.swift in Sources */,
				FB2C39E11E7618D800A1D5AD /* AppDelegate.swift in Sources */,
			);
			runOnlyForDeploymentPostprocessing = 0;
		};
/* End PBXSourcesBuildPhase section */

/* Begin PBXVariantGroup section */
		FB2C39E61E7618D800A1D5AD /* Main.storyboard */ = {
			isa = PBXVariantGroup;
			children = (
				FB2C39E71E7618D800A1D5AD /* Base */,
			);
			name = Main.storyboard;
			sourceTree = "<group>";
		};
/* End PBXVariantGroup section */

/* Begin XCBuildConfiguration section */
		FB2C39EA1E7618D800A1D5AD /* Debug */ = {
			isa = XCBuildConfiguration;
			buildSettings = {
				ALWAYS_SEARCH_USER_PATHS = NO;
				CLANG_ANALYZER_NONNULL = YES;
				CLANG_CXX_LANGUAGE_STANDARD = "gnu++0x";
				CLANG_CXX_LIBRARY = "libc++";
				CLANG_ENABLE_MODULES = YES;
				CLANG_ENABLE_OBJC_ARC = YES;
				CLANG_WARN_BOOL_CONVERSION = YES;
				CLANG_WARN_CONSTANT_CONVERSION = YES;
				CLANG_WARN_DIRECT_OBJC_ISA_USAGE = YES_ERROR;
				CLANG_WARN_DOCUMENTATION_COMMENTS = YES;
				CLANG_WARN_EMPTY_BODY = YES;
				CLANG_WARN_ENUM_CONVERSION = YES;
				CLANG_WARN_INFINITE_RECURSION = YES;
				CLANG_WARN_INT_CONVERSION = YES;
				CLANG_WARN_OBJC_ROOT_CLASS = YES_ERROR;
				CLANG_WARN_SUSPICIOUS_MOVE = YES;
				CLANG_WARN_UNREACHABLE_CODE = YES;
				CLANG_WARN__DUPLICATE_METHOD_MATCH = YES;
				CODE_SIGN_IDENTITY = "-";
				COPY_PHASE_STRIP = NO;
				DEBUG_INFORMATION_FORMAT = dwarf;
				ENABLE_STRICT_OBJC_MSGSEND = YES;
				ENABLE_TESTABILITY = YES;
				GCC_C_LANGUAGE_STANDARD = gnu99;
				GCC_DYNAMIC_NO_PIC = NO;
				GCC_NO_COMMON_BLOCKS = YES;
				GCC_OPTIMIZATION_LEVEL = 0;
				GCC_PREPROCESSOR_DEFINITIONS = (
					"DEBUG=1",
					"$(inherited)",
				);
				GCC_WARN_64_TO_32_BIT_CONVERSION = YES;
				GCC_WARN_ABOUT_RETURN_TYPE = YES_ERROR;
				GCC_WARN_UNDECLARED_SELECTOR = YES;
				GCC_WARN_UNINITIALIZED_AUTOS = YES_AGGRESSIVE;
				GCC_WARN_UNUSED_FUNCTION = YES;
				GCC_WARN_UNUSED_VARIABLE = YES;
				MACOSX_DEPLOYMENT_TARGET = 10.12;
				MTL_ENABLE_DEBUG_INFO = YES;
				ONLY_ACTIVE_ARCH = YES;
				SDKROOT = macosx;
				SWIFT_ACTIVE_COMPILATION_CONDITIONS = DEBUG;
				SWIFT_OPTIMIZATION_LEVEL = "-Onone";
			};
			name = Debug;
		};
		FB2C39EB1E7618D800A1D5AD /* Release */ = {
			isa = XCBuildConfiguration;
			buildSettings = {
				ALWAYS_SEARCH_USER_PATHS = NO;
				CLANG_ANALYZER_NONNULL = YES;
				CLANG_CXX_LANGUAGE_STANDARD = "gnu++0x";
				CLANG_CXX_LIBRARY = "libc++";
				CLANG_ENABLE_MODULES = YES;
				CLANG_ENABLE_OBJC_ARC = YES;
				CLANG_WARN_BOOL_CONVERSION = YES;
				CLANG_WARN_CONSTANT_CONVERSION = YES;
				CLANG_WARN_DIRECT_OBJC_ISA_USAGE = YES_ERROR;
				CLANG_WARN_DOCUMENTATION_COMMENTS = YES;
				CLANG_WARN_EMPTY_BODY = YES;
				CLANG_WARN_ENUM_CONVERSION = YES;
				CLANG_WARN_INFINITE_RECURSION = YES;
				CLANG_WARN_INT_CONVERSION = YES;
				CLANG_WARN_OBJC_ROOT_CLASS = YES_ERROR;
				CLANG_WARN_SUSPICIOUS_MOVE = YES;
				CLANG_WARN_UNREACHABLE_CODE = YES;
				CLANG_WARN__DUPLICATE_METHOD_MATCH = YES;
				CODE_SIGN_IDENTITY = "-";
				COPY_PHASE_STRIP = NO;
				DEBUG_INFORMATION_FORMAT = "dwarf-with-dsym";
				ENABLE_NS_ASSERTIONS = NO;
				ENABLE_STRICT_OBJC_MSGSEND = YES;
				GCC_C_LANGUAGE_STANDARD = gnu99;
				GCC_NO_COMMON_BLOCKS = YES;
				GCC_WARN_64_TO_32_BIT_CONVERSION = YES;
				GCC_WARN_ABOUT_RETURN_TYPE = YES_ERROR;
				GCC_WARN_UNDECLARED_SELECTOR = YES;
				GCC_WARN_UNINITIALIZED_AUTOS = YES_AGGRESSIVE;
				GCC_WARN_UNUSED_FUNCTION = YES;
				GCC_WARN_UNUSED_VARIABLE = YES;
				MACOSX_DEPLOYMENT_TARGET = 10.12;
				MTL_ENABLE_DEBUG_INFO = NO;
				SDKROOT = macosx;
				SWIFT_OPTIMIZATION_LEVEL = "-Owholemodule";
			};
			name = Release;
		};
		FB2C39ED1E7618D800A1D5AD /* Debug */ = {
			isa = XCBuildConfiguration;
			buildSettings = {
				ASSETCATALOG_COMPILER_APPICON_NAME = AppIcon;
				COMBINE_HIDPI_IMAGES = YES;
				DEVELOPMENT_TEAM = C83BNSBYZV;
				FRAMEWORK_SEARCH_PATHS = (
					"$(inherited)",
					"$(PROJECT_DIR)/ID3Edit",
				);
				INFOPLIST_FILE = "iTunes Matcher/Info.plist";
				LD_RUNPATH_SEARCH_PATHS = "$(inherited) @executable_path/../Frameworks";
				PRODUCT_BUNDLE_IDENTIFIER = "com.ianjtaylor.iTunes-Matcher";
				PRODUCT_NAME = "$(TARGET_NAME)";
				SWIFT_VERSION = 3.0;
			};
			name = Debug;
		};
		FB2C39EE1E7618D800A1D5AD /* Release */ = {
			isa = XCBuildConfiguration;
			buildSettings = {
				ASSETCATALOG_COMPILER_APPICON_NAME = AppIcon;
				COMBINE_HIDPI_IMAGES = YES;
				DEVELOPMENT_TEAM = C83BNSBYZV;
				FRAMEWORK_SEARCH_PATHS = (
					"$(inherited)",
					"$(PROJECT_DIR)/ID3Edit",
				);
				INFOPLIST_FILE = "iTunes Matcher/Info.plist";
				LD_RUNPATH_SEARCH_PATHS = "$(inherited) @executable_path/../Frameworks";
				PRODUCT_BUNDLE_IDENTIFIER = "com.ianjtaylor.iTunes-Matcher";
				PRODUCT_NAME = "$(TARGET_NAME)";
				SWIFT_VERSION = 3.0;
			};
			name = Release;
		};
/* End XCBuildConfiguration section */

/* Begin XCConfigurationList section */
		FB2C39D81E7618D700A1D5AD /* Build configuration list for PBXProject "iTunes Matcher" */ = {
			isa = XCConfigurationList;
			buildConfigurations = (
				FB2C39EA1E7618D800A1D5AD /* Debug */,
				FB2C39EB1E7618D800A1D5AD /* Release */,
			);
			defaultConfigurationIsVisible = 0;
			defaultConfigurationName = Release;
		};
		FB2C39EC1E7618D800A1D5AD /* Build configuration list for PBXNativeTarget "iTunes Matcher" */ = {
			isa = XCConfigurationList;
			buildConfigurations = (
				FB2C39ED1E7618D800A1D5AD /* Debug */,
				FB2C39EE1E7618D800A1D5AD /* Release */,
			);
			defaultConfigurationIsVisible = 0;
			defaultConfigurationName = Release;
		};
/* End XCConfigurationList section */
	};
	rootObject = FB2C39D51E7618D700A1D5AD /* Project object */;
}
